{
  "name": "linkedin-scraper-api",
  "version": "1.0.0",
  "lockfileVersion": 3,
  "requires": true,
  "packages": {
    "": {
      "name": "linkedin-scraper-api",
      "version": "1.0.0",
      "dependencies": {
        "express": "^4.18.3",
        "puppeteer": "^22.4.1",
        "axios": "^1.7.4",
        "cors": "^2.8.5",
        "dotenv": "^16.4.5",
        "mailparser": "^3.10.1",
        "imap-simple": "^5.1.0"
      },
      "engines": {
        "node": "20.x"
      }
    },
    "node_modules/express": {
      "version": "4.18.3",
      "resolved": "https://registry.npmjs.org/express/-/express-4.18.3.tgz",
      "integrity": "sha512-6VyCiX+cuojNz8PPJtS4+Zc7fvkGJBk/ALo4FpuoPfShJfBw1QKVJZj3l4B0R6H6TnZ+9Ca6HHDz8w7lgdJzUg=="
    },
    "node_modules/puppeteer": {
      "version": "22.4.1",
      "resolved": "https://registry.npmjs.org/puppeteer/-/puppeteer-22.4.1.tgz",
      "integrity": "sha512-1xzHPxj2KwX5eZOKl2yJ+FPw6lOw0G7vB96rDv3PVT3eeBtAmh+ymL1P+C0Zz+m6NuG6oH+yC6tJ/H8b9xAdg=="
    },
    "node_modules/axios": {
      "version": "1.6.7",
      "resolved": "https://registry.npmjs.org/axios/-/axios-1.6.7.tgz",
      "integrity": "sha512-/NUk6wQQ9MW0BE0pB0l5Jn6YJ+oZ+LVyC5GQf9/igXQiPHLrYODt0gRXDqIZQh/9UVgIEVyCigB0QLp1E8S1Q=="
    },
    "node_modules/cors": {
      "version": "2.8.5",
      "resolved": "https://registry.npmjs.org/cors/-/cors-2.8.5.tgz",
      "integrity": "sha512-KIHbLJqu73RGr/hnbrO9uBeixNGuvSQjul/jdFvS/KFSIH1hWVd1ng7zOHx+YrEfInLG7q4n6GHQ9cDtxv/P6g=="
    },
    "node_modules/dotenv": {
      "version": "16.4.5",
      "resolved": "https://registry.npmjs.org/dotenv/-/dotenv-16.4.5.tgz",
      "integrity": "sha512-/hA/QxMq7CuJXQJEdWnYABq+szGv0pSQhc9gGSqyLnR0BQB+tT33t5hIYZ3hKhVv5fKqQCNYhUHpM6h6N2fVw=="
    },
    "node_modules/mailparser": {
      "version": "3.10.1",
      "resolved": "https://registry.npmjs.org/mailparser/-/mailparser-3.10.1.tgz",
      "integrity": "sha512-BvKt2bN1Y2p1+jSlV2vM3W2Mj+YT7vL5T4JrGK8lD9lD3nF6UZ5DXPu4j+B2uXIKD+vO7lZLtnV6q6XSHlTkw=="
    },
    "node_modules/imap-simple": {
      "version": "5.1.0",
      "resolved": "https://registry.npmjs.org/imap-simple/-/imap-simple-5.1.0.tgz",
      "integrity": "sha512-LnZ2sKg6F1YZlBVHFv7E8h1f8jD4T3ZG5F6H6XUwY2Z6F/Tf1a+QxN6a+H6AyS3vG1U1a+ZjDN/3U7C6Rxjg=="
    }
  }
}
